
Microsoft Visual Studio Solution File, Format Version 12.00
# Visual Studio Version 16
VisualStudioVersion = 16.0.30413.136
MinimumVisualStudioVersion = 10.0.40219.1
Project("{FAE04EC0-301F-11D3-BF4B-00C04F79EFBC}") = "DAL", "DAL\DAL.csproj", "{62516B51-030E-461B-9132-879B742AD85B}"
EndProject
Project("{FAE04EC0-301F-11D3-BF4B-00C04F79EFBC}") = "BL", "BL\BL.csproj", "{E71AA4D8-2119-44DC-B4F7-8BA4CD45B7AE}"
EndProject
Project("{FAE04EC0-301F-11D3-BF4B-00C04F79EFBC}") = "DTO", "DTO\DTO.csproj", "{0CBE0D54-FAED-4187-8927-48961CA1FCB0}"
EndProject
Project("{FAE04EC0-301F-11D3-BF4B-00C04F79EFBC}") = "GUI", "GUI\GUI.csproj", "{9ABC54CD-B3F7-4842-9D9F-003D0BEDE590}"
EndProject
Global
	GlobalSection(SolutionConfigurationPlatforms) = preSolution
		Debug|Any CPU = Debug|Any CPU
		Release|Any CPU = Release|Any CPU
	EndGlobalSection
	GlobalSection(ProjectConfigurationPlatforms) = postSolution
		{62516B51-030E-461B-9132-879B742AD85B}.Debug|Any CPU.ActiveCfg = Debug|Any CPU
		{62516B51-030E-461B-9132-879B742AD85B}.Debug|Any CPU.Build.0 = Debug|Any CPU
		{62516B51-030E-461B-9132-879B742AD85B}.Release|Any CPU.ActiveCfg = Release|Any CPU
		{62516B51-030E-461B-9132-879B742AD85B}.Release|Any CPU.Build.0 = Release|Any CPU
		{E71AA4D8-2119-44DC-B4F7-8BA4CD45B7AE}.Debug|Any CPU.ActiveCfg = Debug|Any CPU
		{E71AA4D8-2119-44DC-B4F7-8BA4CD45B7AE}.Debug|Any CPU.Build.0 = Debug|Any CPU
		{E71AA4D8-2119-44DC-B4F7-8BA4CD45B7AE}.Release|Any CPU.ActiveCfg = Release|Any CPU
		{E71AA4D8-2119-44DC-B4F7-8BA4CD45B7AE}.Release|Any CPU.Build.0 = Release|Any CPU
		{0CBE0D54-FAED-4187-8927-48961CA1FCB0}.Debug|Any CPU.ActiveCfg = Debug|Any CPU
		{0CBE0D54-FAED-4187-8927-48961CA1FCB0}.Debug|Any CPU.Build.0 = Debug|Any CPU
		{0CBE0D54-FAED-4187-8927-48961CA1FCB0}.Release|Any CPU.ActiveCfg = Release|Any CPU
		{0CBE0D54-FAED-4187-8927-48961CA1FCB0}.Release|Any CPU.Build.0 = Release|Any CPU
		{9ABC54CD-B3F7-4842-9D9F-003D0BEDE590}.Debug|Any CPU.ActiveCfg = Debug|Any CPU
		{9ABC54CD-B3F7-4842-9D9F-003D0BEDE590}.Debug|Any CPU.Build.0 = Debug|Any CPU
		{9ABC54CD-B3F7-4842-9D9F-003D0BEDE590}.Release|Any CPU.ActiveCfg = Release|Any CPU
		{9ABC54CD-B3F7-4842-9D9F-003D0BEDE590}.Release|Any CPU.Build.0 = Release|Any CPU
	EndGlobalSection
	GlobalSection(SolutionProperties) = preSolution
		HideSolutionNode = FALSE
	EndGlobalSection
	GlobalSection(ExtensibilityGlobals) = postSolution
		SolutionGuid = {0F92CF90-22D4-4332-B1DE-3F9498468044}
	EndGlobalSection
EndGlobal
